{
  "originHash" : "4ea9d3d31419948ba217e603bcd50fb703a30ab81c615681fca5947be7eab446",
  "pins" : [
    {
      "identity" : "askcoordinator",
      "kind" : "remoteSourceControl",
      "location" : "git@github.com:skorulis/ASKCoordinator.git",
      "state" : {
        "branch" : "main",
        "revision" : "5e8d5457970b443f93022bdc67fa5dfa32115d2b"
      }
    },
    {
      "identity" : "askcore",
      "kind" : "remoteSourceControl",
      "location" : "https://github.com/skorulis/ASKCore.git",
      "state" : {
        "branch" : "main",
        "revision" : "fe8f2be1b5105dc851d10b58fc594ca1adfef769"
      }
    },
    {
      "identity" : "knit",
      "kind" : "remoteSourceControl",
      "location" : "https://github.com/cashapp/knit.git",
      "state" : {
        "branch" : "skorulis/resolver-type",
        "revision" : "3d97336788a0abce79c18cbfd3a444ed4d37a4b5"
      }
    },
    {
      "identity" : "swift-argument-parser",
      "kind" : "remoteSourceControl",
      "location" : "https://github.com/apple/swift-argument-parser",
      "state" : {
        "revision" : "309a47b2b1d9b5e991f36961c983ecec72275be3",
        "version" : "1.6.1"
      }
    },
    {
      "identity" : "swift-numerics",
      "kind" : "remoteSourceControl",
      "location" : "https://github.com/apple/swift-numerics.git",
      "state" : {
        "revision" : "e0ec0f5f3af6f3e4d5e7a19d2af26b481acb6ba8",
        "version" : "1.0.3"
      }
    },
    {
      "identity" : "swift-syntax",
      "kind" : "remoteSourceControl",
      "location" : "https://github.com/apple/swift-syntax.git",
      "state" : {
        "revision" : "f99ae8aa18f0cf0d53481901f88a0991dc3bd4a2",
        "version" : "601.0.1"
      }
    },
    {
      "identity" : "valet",
      "kind" : "remoteSourceControl",
      "location" : "https://github.com/square/Valet",
      "state" : {
        "revision" : "05c9e514fbd352a6866877ca31326b4e0b7d6d01",
        "version" : "5.0.0"
      }
    }
  ],
  "version" : 3
}
